{
    "_meta": {
        "hash": {
            "sha256": "3bfd448fe827613224ac1d6ad08435a7b36168809ca71ff4483ebf4c1b40abad"
        },
        "pipfile-spec": 6,
        "requires": {
            "python_version": "3.9"
        },
        "sources": [
            {
                "name": "pypi",
                "url": "https://pypi.org/simple",
                "verify_ssl": true
            }
        ]
    },
    "default": {
        "asgiref": {
            "hashes": [
                "sha256:89b2ef2247e3b562a16eef663bc0e2e703ec6468e2fa8a5cd61cd449786d4f6e",
                "sha256:9e0ce3aa93a819ba5b45120216b23878cf6e8525eb3848653452b4192b92afed"
            ],
            "markers": "python_version >= '3.7'",
            "version": "==3.7.2"
        },
        "bcrypt": {
            "hashes": [
                "sha256:089098effa1bc35dc055366740a067a2fc76987e8ec75349eb9484061c54f535",
                "sha256:08d2947c490093a11416df18043c27abe3921558d2c03e2076ccb28a116cb6d0",
                "sha256:0eaa47d4661c326bfc9d08d16debbc4edf78778e6aaba29c1bc7ce67214d4410",
                "sha256:27d375903ac8261cfe4047f6709d16f7d18d39b1ec92aaf72af989552a650ebd",
                "sha256:2b3ac11cf45161628f1f3733263e63194f22664bf4d0c0f3ab34099c02134665",
                "sha256:2caffdae059e06ac23fce178d31b4a702f2a3264c20bfb5ff541b338194d8fab",
                "sha256:3100851841186c25f127731b9fa11909ab7b1df6fc4b9f8353f4f1fd952fbf71",
                "sha256:5ad4d32a28b80c5fa6671ccfb43676e8c1cc232887759d1cd7b6f56ea4355215",
                "sha256:67a97e1c405b24f19d08890e7ae0c4f7ce1e56a712a016746c8b2d7732d65d4b",
                "sha256:705b2cea8a9ed3d55b4491887ceadb0106acf7c6387699fca771af56b1cdeeda",
                "sha256:8a68f4341daf7522fe8d73874de8906f3a339048ba406be6ddc1b3ccb16fc0d9",
                "sha256:a522427293d77e1c29e303fc282e2d71864579527a04ddcfda6d4f8396c6c36a",
                "sha256:ae88eca3024bb34bb3430f964beab71226e761f51b912de5133470b649d82344",
                "sha256:b1023030aec778185a6c16cf70f359cbb6e0c289fd564a7cfa29e727a1c38f8f",
                "sha256:b3b85202d95dd568efcb35b53936c5e3b3600c7cdcc6115ba461df3a8e89f38d",
                "sha256:b57adba8a1444faf784394de3436233728a1ecaeb6e07e8c22c8848f179b893c",
                "sha256:bf4fa8b2ca74381bb5442c089350f09a3f17797829d958fad058d6e44d9eb83c",
                "sha256:ca3204d00d3cb2dfed07f2d74a25f12fc12f73e606fcaa6975d1f7ae69cacbb2",
                "sha256:cbb03eec97496166b704ed663a53680ab57c5084b2fc98ef23291987b525cb7d",
                "sha256:e9a51bbfe7e9802b5f3508687758b564069ba937748ad7b9e890086290d2f79e",
                "sha256:fbdaec13c5105f0c4e5c52614d04f0bca5f5af007910daa8b6b12095edaa67b3"
            ],
            "version": "==4.0.1"
        },
        "click": {
            "hashes": [
                "sha256:ae74fb96c20a0277a1d615f1e4d73c8414f5a98db8b799a7931d1582f3390c28",
                "sha256:ca9853ad459e787e2192211578cc907e7594e294c7ccc834310722b41b9ca6de"
            ],
            "markers": "python_version >= '3.7'",
            "version": "==8.1.7"
        },
        "dnspython": {
            "hashes": [
                "sha256:57c6fbaaeaaf39c891292012060beb141791735dbb4004798328fc2c467402d8",
                "sha256:8dcfae8c7460a2f84b4072e26f1c9f4101ca20c071649cb7c34e8b6a93d58984"
            ],
            "markers": "python_version >= '3.8' and python_version < '4.0'",
            "version": "==2.4.2"
        },
        "email-validator": {
            "hashes": [
                "sha256:1ff6e86044200c56ae23595695c54e9614f4a9551e0e393614f764860b3d7900",
                "sha256:2466ba57cda361fb7309fd3d5a225723c788ca4bbad32a0ebd5373b99730285c"
            ],
            "version": "==2.0.0.post2"
        },
        "fastapi": {
            "hashes": [
                "sha256:644bb815bae326575c4b2842469fb83053a4b974b82fa792ff9283d17fbbd99d",
                "sha256:94d2820906c36b9b8303796fb7271337ec89c74223229e3cfcf056b5a7d59e23"
            ],
            "index": "pypi",
            "version": "==0.68.1"
        },
        "greenlet": {
            "hashes": [
                "sha256:0bcbff28b0c8306e558d8254547f64463d276bb985dfca2a03fc199524b023a3",
                "sha256:0ccc9f789507c3f407c9c734b421acb537341f143cc899a27aa325ee64efd22c",
                "sha256:13cca2ef67d778d0efd955da0e78c33720306785e30e6524a0cab0e0fc66e83a",
                "sha256:1764017fae4186cfc9158adf19646802a1e25e303dec56615255bd7df7a6e3d0",
                "sha256:17dc2e63b7772f92e3a10d8ba420972e89595b7a191c345e0407f0dfa8c81c96",
                "sha256:1dfda4239260a8028ce67272a3aa01d80e5996f610a48e24b558e959eba926a1",
                "sha256:21e23b95c99732402cf50802d4c850d024c6f5ec2615d7d33312862e05fd0815",
                "sha256:24dcc5c6ee38b729243f90b7c3ff1f1a20edd65f7737e5f9e4476000c9be452e",
                "sha256:2629dc3d9da78e113ae9639d37bd4566846e3647338e2becba31d0c0913b85cb",
                "sha256:27e49a68231abe36c437a38c59e7374eca4292d4984d1298c7a550a4bf0063c1",
                "sha256:28366e7135acdf5d9b907a02d29406cb6165438df1dcc04507f2035631e49274",
                "sha256:2ac4c92ef3c65442ffb61e9c17689629fd5b65a4ee9e15779aa1898365452d4d",
                "sha256:2c850da9ab8e185682126eb8f78a6ef3358b5e65921e20ef7cf6907df6569338",
                "sha256:3827ca11ae94bce62924aa47735a60facecbe62abe1f610aea8e2e0665945530",
                "sha256:3960cf0fa3fb078a2a7c4f4f77048df2655d07b8d8b85584e5f24bd37d52a7ad",
                "sha256:3dd591f9a8b28caa4165db7632f7e894bc277284181072fb6a1cfc6c6808f46e",
                "sha256:426bf96ec469d7180d050659c8c7eec094d07c4609d187e7f539f5bd6b3b6252",
                "sha256:43aa50a2c85faef8328dda6e14da9d6257324f55b11c382e82e15f5fb50de866",
                "sha256:4f7d2cfe8d5d4d7839c37c15d3c377e06590c26f0f4f271879fa547e760296dc",
                "sha256:5033ed6e89255d989a2cc32fcacc22c105a19716409c59d45e2af2d1e8bcccb6",
                "sha256:51a59ccc4b96dbaf4a10c241a1869cf78b4529634c491671931ed1604d187271",
                "sha256:5288d886605833bba2f0b973b1636869b17f2f50c21ddb253e737a5a9891d57d",
                "sha256:5c21f1b14dbb3f6c971adbbed6c9fa5c38f613b05bff183fba0de27ed60954f4",
                "sha256:5d2fe1f9ede486107c542284b23fb16090ebd9d68570d2e7c3bc7622273fa45d",
                "sha256:6039832b100c8ab4981b76cf04a97c9cc73017ae7d93a4461e476ae5398d0d0b",
                "sha256:608aaa885bf20690f97c2856cc42db43a8bfe24e8fdf3df15a2918ad684daf4b",
                "sha256:62395bdc98432964379b55256af01192ba9f5ea336befec8411b07cf25aae83c",
                "sha256:63c5a3207117d82e3fe0882b9fbc5c10d85acca82e7c55cc4f33fc9d52d412c2",
                "sha256:65028dc0d9c93f72ecb18d01361b0e9d374e927f582b3b6c3e744ebd2cbc7cd3",
                "sha256:6c05ac3d2d6c8ae0b140a08a9b8f23ed62b64d17729132bcf13040a39399d6f8",
                "sha256:716ec1cb900e05e05dd13d602297ff9659fe4c08abcd5ca58884dfdc0c57b51c",
                "sha256:79c5fa02d02d7d7be84ae109f853dc2291e49dd1dd8dfb80a52ce96ac1f9a88e",
                "sha256:825899d8cab64af9207b7f1e694196c9e9bbd8c57dfd198c49b1c6c05e498f26",
                "sha256:835ae36a31b8f10c9229604bfdb4e33d4b01d37748f2bcfa139ff741a2ffd346",
                "sha256:8c33c9b6b50f9e23f7c8c6bd65608bcb1116d2daafa924496397145bce9d13c8",
                "sha256:97cac26bdf37f8008c678fd005693c50827fe721e99d339892226a5716e18742",
                "sha256:9f44ee49ef97d313309a990f46194b1cac39461919e9e7344397cea2c53ede51",
                "sha256:a28f1fad22e9fe5c1d45046e51e1fafc6041295823ee5037c527825107704adb",
                "sha256:a3b6bc53373ace36a567146a133e6ae29468fa86c0b71a1541306780df1d3d23",
                "sha256:afdbe8b0cfbd90c19bd18c8d31d52b231e94dc355a056bcd89fede06e2a54d01",
                "sha256:b0cb4449c6c13d515bde4b1d5456b5af07a9c8d1723785a4ed40b69d3e5d15fa",
                "sha256:b55163588a651ceb042fd2a28df61aaf988ea739b5fbd10ff872e9fb4054f532",
                "sha256:b6f4229b7b5cc55f01b5112344cdf934de03085d5467a14fe59c68e92e03c1e4",
                "sha256:b8097f1d9e8840fc0ce5e57464080ae8ba68fe0c848a38cd5bab4be81a046713",
                "sha256:c29236a2bea8481d446761f09b74107d0f8b437f0a2c246c93d35def39a011d1",
                "sha256:c60dc7bab6ec007ae6fbc229879d0521ac6965846dbc898587998cb7eed34d6d",
                "sha256:c91e1e821d4dfc834fe09a8cf92228457d74c00c8422d1f7e31f3c0920b3c9c5",
                "sha256:d1ccc41d1b2b8e08b2fdece8a0e621905caa8b58259e8d5844d1b2097fec8406",
                "sha256:d75632388c6140f387a5fbabfb606606c6ffb51c3408dc650823b4ee5dad31f8",
                "sha256:ecb05bb229f6ccad9240ae6d65be6234f4ff6f1366101cdb356c6d956a541277",
                "sha256:ed681062c3f30df74d9ee6999f5568ded089762051a728fd038561a08a6549a6",
                "sha256:ef48cf845f724e363912f086c455c9e5f16c3faf82e1157fc35aaf0ecd836c68",
                "sha256:f31cde4e4d1a202b4519acc3a516e8dc2b634fe9f678d6da3a2a5b43f6f9ff71",
                "sha256:fa2f74909b9713b3a7ae3640daafe5bfd01bffdb8e6954208bec56c2413b16bd",
                "sha256:fe97d4828310299e5b06fe57b7b5ee550b7c7bc00186e0596578745b36fe94df"
            ],
            "markers": "python_version >= '3' and platform_machine in 'x86_64 X86_64 aarch64 AARCH64 ppc64le PPC64LE amd64 AMD64 win32 WIN32'",
            "version": "==3.0.0rc1"
        },
        "h11": {
            "hashes": [
                "sha256:8f19fbbe99e72420ff35c00b27a34cb9937e902a8b810e2c88300c6f0a3b699d",
                "sha256:e3fe4ac4b851c468cc8363d500db52c2ead036020723024a109d37346efaa761"
            ],
            "markers": "python_version >= '3.7'",
            "version": "==0.14.0"
        },
        "idna": {
            "hashes": [
                "sha256:814f528e8dead7d329833b91c5faa87d60bf71824cd12a7530b5526063d02cb4",
                "sha256:90b77e79eaa3eba6de819a0c442c0b4ceefc341a7a2ab77d7562bf49f425c5c2"
            ],
            "markers": "python_version >= '3.5'",
            "version": "==3.4"
        },
        "passlib": {
            "extras": [
                "bcrypt"
            ],
            "hashes": [
                "sha256:aa6bca462b8d8bda89c70b382f0c298a20b5560af6cbfa2dce410c0a2fb669f1",
                "sha256:defd50f72b65c5402ab2c573830a6978e5f202ad0d984793c8dde2c4152ebe04"
            ],
            "index": "pypi",
            "version": "==1.7.4"
        },
        "pip": {
            "hashes": [
                "sha256:7ccf472345f20d35bdc9d1841ff5f313260c2c33fe417f48c30ac46cccabf5be",
                "sha256:fb0bd5435b3200c602b5bf61d2d43c2f13c02e29c1707567ae7fbc514eb9faf2"
            ],
            "index": "pypi",
            "version": "==23.2.1"
        },
        "psycopg2-binary": {
            "hashes": [
                "sha256:0b7dae87f0b729922e06f85f667de7bf16455d411971b2043bbd9577af9d1975",
                "sha256:0f2e04bd2a2ab54fa44ee67fe2d002bb90cee1c0f1cc0ebc3148af7b02034cbd",
                "sha256:123c3fb684e9abfc47218d3784c7b4c47c8587951ea4dd5bc38b6636ac57f616",
                "sha256:1473c0215b0613dd938db54a653f68251a45a78b05f6fc21af4326f40e8360a2",
                "sha256:14db1752acdd2187d99cb2ca0a1a6dfe57fc65c3281e0f20e597aac8d2a5bd90",
                "sha256:1e3a362790edc0a365385b1ac4cc0acc429a0c0d662d829a50b6ce743ae61b5a",
                "sha256:1e85b74cbbb3056e3656f1cc4781294df03383127a8114cbc6531e8b8367bf1e",
                "sha256:1f6ca4a9068f5c5c57e744b4baa79f40e83e3746875cac3c45467b16326bab45",
                "sha256:20f1ab44d8c352074e2d7ca67dc00843067788791be373e67a0911998787ce7d",
                "sha256:24b0b6688b9f31a911f2361fe818492650795c9e5d3a1bc647acbd7440142a4f",
                "sha256:2f62c207d1740b0bde5c4e949f857b044818f734a3d57f1d0d0edc65050532ed",
                "sha256:3242b9619de955ab44581a03a64bdd7d5e470cc4183e8fcadd85ab9d3756ce7a",
                "sha256:35c4310f8febe41f442d3c65066ca93cccefd75013df3d8c736c5b93ec288140",
                "sha256:4235f9d5ddcab0b8dbd723dca56ea2922b485ea00e1dafacf33b0c7e840b3d32",
                "sha256:542875f62bc56e91c6eac05a0deadeae20e1730be4c6334d8f04c944fcd99759",
                "sha256:5ced67f1e34e1a450cdb48eb53ca73b60aa0af21c46b9b35ac3e581cf9f00e31",
                "sha256:661509f51531ec125e52357a489ea3806640d0ca37d9dada461ffc69ee1e7b6e",
                "sha256:7360647ea04db2e7dff1648d1da825c8cf68dc5fbd80b8fb5b3ee9f068dcd21a",
                "sha256:736b8797b58febabb85494142c627bd182b50d2a7ec65322983e71065ad3034c",
                "sha256:8c13d72ed6af7fd2c8acbd95661cf9477f94e381fce0792c04981a8283b52917",
                "sha256:988b47ac70d204aed01589ed342303da7c4d84b56c2f4c4b8b00deda123372bf",
                "sha256:995fc41ebda5a7a663a254a1dcac52638c3e847f48307b5416ee373da15075d7",
                "sha256:a36c7eb6152ba5467fb264d73844877be8b0847874d4822b7cf2d3c0cb8cdcb0",
                "sha256:aed4a9a7e3221b3e252c39d0bf794c438dc5453bc2963e8befe9d4cd324dff72",
                "sha256:aef9aee84ec78af51107181d02fe8773b100b01c5dfde351184ad9223eab3698",
                "sha256:b0221ca5a9837e040ebf61f48899926b5783668b7807419e4adae8175a31f773",
                "sha256:b4d7679a08fea64573c969f6994a2631908bb2c0e69a7235648642f3d2e39a68",
                "sha256:c250a7ec489b652c892e4f0a5d122cc14c3780f9f643e1a326754aedf82d9a76",
                "sha256:ca86db5b561b894f9e5f115d6a159fff2a2570a652e07889d8a383b5fae66eb4",
                "sha256:cfc523edecddaef56f6740d7de1ce24a2fdf94fd5e704091856a201872e37f9f",
                "sha256:d92272c7c16e105788efe2cfa5d680f07e34e0c29b03c1908f8636f55d5f915a",
                "sha256:da113b70f6ec40e7d81b43d1b139b9db6a05727ab8be1ee559f3a69854a69d34",
                "sha256:ebccf1123e7ef66efc615a68295bf6fdba875a75d5bba10a05073202598085fc",
                "sha256:f6fac64a38f6768e7bc7b035b9e10d8a538a9fadce06b983fb3e6fa55ac5f5ce",
                "sha256:f8559617b1fcf59a9aedba2c9838b5b6aa211ffedecabca412b92a1ff75aac1a",
                "sha256:fbb42a541b1093385a2d8c7eec94d26d30437d0e77c1d25dae1dcc46741a385e"
            ],
            "index": "pypi",
            "version": "==2.9.1"
        },
        "pydantic": {
            "extras": [
                "email"
            ],
            "hashes": [
                "sha256:021ea0e4133e8c824775a0cfe098677acf6fa5a3cbf9206a376eed3fc09302cd",
                "sha256:05ddfd37c1720c392f4e0d43c484217b7521558302e7069ce8d318438d297739",
                "sha256:05ef5246a7ffd2ce12a619cbb29f3307b7c4509307b1b49f456657b43529dc6f",
                "sha256:10e5622224245941efc193ad1d159887872776df7a8fd592ed746aa25d071840",
                "sha256:18b5ea242dd3e62dbf89b2b0ec9ba6c7b5abaf6af85b95a97b00279f65845a23",
                "sha256:234a6c19f1c14e25e362cb05c68afb7f183eb931dd3cd4605eafff055ebbf287",
                "sha256:244ad78eeb388a43b0c927e74d3af78008e944074b7d0f4f696ddd5b2af43c62",
                "sha256:26464e57ccaafe72b7ad156fdaa4e9b9ef051f69e175dbbb463283000c05ab7b",
                "sha256:41b542c0b3c42dc17da70554bc6f38cbc30d7066d2c2815a94499b5684582ecb",
                "sha256:4a03cbbe743e9c7247ceae6f0d8898f7a64bb65800a45cbdc52d65e370570820",
                "sha256:4be75bebf676a5f0f87937c6ddb061fa39cbea067240d98e298508c1bda6f3f3",
                "sha256:54cd5121383f4a461ff7644c7ca20c0419d58052db70d8791eacbbe31528916b",
                "sha256:589eb6cd6361e8ac341db97602eb7f354551482368a37f4fd086c0733548308e",
                "sha256:8621559dcf5afacf0069ed194278f35c255dc1a1385c28b32dd6c110fd6531b3",
                "sha256:8b223557f9510cf0bfd8b01316bf6dd281cf41826607eada99662f5e4963f316",
                "sha256:99a9fc39470010c45c161a1dc584997f1feb13f689ecf645f59bb4ba623e586b",
                "sha256:a7c6002203fe2c5a1b5cbb141bb85060cbff88c2d78eccbc72d97eb7022c43e4",
                "sha256:a83db7205f60c6a86f2c44a61791d993dff4b73135df1973ecd9eed5ea0bda20",
                "sha256:ac8eed4ca3bd3aadc58a13c2aa93cd8a884bcf21cb019f8cfecaae3b6ce3746e",
                "sha256:e710876437bc07bd414ff453ac8ec63d219e7690128d925c6e82889d674bb505",
                "sha256:ea5cb40a3b23b3265f6325727ddfc45141b08ed665458be8c6285e7b85bd73a1",
                "sha256:fec866a0b59f372b7e776f2d7308511784dace622e0992a0b59ea3ccee0ae833"
            ],
            "index": "pypi",
            "version": "==1.8.2"
        },
        "python-dotenv": {
            "hashes": [
                "sha256:aae25dc1ebe97c420f50b81fb0e5c949659af713f31fdb63c749ca68748f34b1",
                "sha256:f521bc2ac9a8e03c736f62911605c5d83970021e3fa95b37d769e2bbbe9b6172"
            ],
            "index": "pypi",
            "version": "==0.19.0"
        },
        "sqlalchemy": {
            "hashes": [
                "sha256:059c5f41e8630f51741a234e6ba2a034228c11b3b54a15478e61d8b55fa8bd9d",
                "sha256:07b9099a95dd2b2620498544300eda590741ac54915c6b20809b6de7e3c58090",
                "sha256:0aa312f9906ecebe133d7f44168c3cae4c76f27a25192fa7682f3fad505543c9",
                "sha256:0aa746d1173587743960ff17b89b540e313aacfe6c1e9c81aa48393182c36d4f",
                "sha256:1c15191f2430a30082f540ec6f331214746fc974cfdf136d7a1471d1c61d68ff",
                "sha256:25e9b2e5ca088879ce3740d9ccd4d58cb9061d49566a0b5e12166f403d6f4da0",
                "sha256:2bca9a6e30ee425cc321d988a152a5fe1be519648e7541ac45c36cd4f569421f",
                "sha256:355024cf061ed04271900414eb4a22671520241d2216ddb691bdd8a992172389",
                "sha256:370f4688ce47f0dc1e677a020a4d46252a31a2818fd67f5c256417faefc938af",
                "sha256:37f2bd1b8e32c5999280f846701712347fc0ee7370e016ede2283c71712e127a",
                "sha256:3a0d3b3d51c83a66f5b72c57e1aad061406e4c390bd42cf1fda94effe82fac81",
                "sha256:43fc207be06e50158e4dae4cc4f27ce80afbdbfa7c490b3b22feb64f6d9775a0",
                "sha256:448612570aa1437a5d1b94ada161805778fe80aba5b9a08a403e8ae4e071ded6",
                "sha256:4803a481d4c14ce6ad53dc35458c57821863e9a079695c27603d38355e61fb7f",
                "sha256:512f52a8872e8d63d898e4e158eda17e2ee40b8d2496b3b409422e71016db0bd",
                "sha256:6a8dbf3d46e889d864a57ee880c4ad3a928db5aa95e3d359cbe0da2f122e50c4",
                "sha256:76ff246881f528089bf19385131b966197bb494653990396d2ce138e2a447583",
                "sha256:82c03325111eab88d64e0ff48b6fe15c75d23787429fa1d84c0995872e702787",
                "sha256:967307ea52985985224a79342527c36ec2d1daa257a39748dd90e001a4be4d90",
                "sha256:9b128a78581faea7a5ee626ad4471353eee051e4e94616dfeff4742b6e5ba262",
                "sha256:a8395c4db3e1450eef2b68069abf500cc48af4b442a0d98b5d3c9535fe40cde8",
                "sha256:ae07895b55c7d58a7dd47438f437ac219c0f09d24c2e7d69fdebc1ea75350f00",
                "sha256:bd41f8063a9cd11b76d6d7d6af8139ab3c087f5dbbe5a50c02cb8ece7da34d67",
                "sha256:be185b3daf651c6c0639987a916bf41e97b60e68f860f27c9cb6574385f5cbb4",
                "sha256:cd0e85dd2067159848c7672acd517f0c38b7b98867a347411ea01b432003f8d9",
                "sha256:cd68c5f9d13ffc8f4d6802cceee786678c5b1c668c97bc07b9f4a60883f36cd1",
                "sha256:cec1a4c6ddf5f82191301a25504f0e675eccd86635f0d5e4c69e0661691931c5",
                "sha256:d9667260125688c71ccf9af321c37e9fb71c2693575af8210f763bfbbee847c7",
                "sha256:e0ce4a2e48fe0a9ea3a5160411a4c5135da5255ed9ac9c15f15f2bcf58c34194",
                "sha256:e9d4f4552aa5e0d1417fc64a2ce1cdf56a30bab346ba6b0dd5e838eb56db4d29"
            ],
            "index": "pypi",
            "version": "==1.4.23"
        },
        "starlette": {
            "hashes": [
                "sha256:3c8e48e52736b3161e34c9f0e8153b4f32ec5d8995a3ee1d59410d92f75162ed",
                "sha256:7d49f4a27f8742262ef1470608c59ddbc66baf37c148e938c7038e6bc7a998aa"
            ],
            "markers": "python_version >= '3.6'",
            "version": "==0.14.2"
        },
        "typing-extensions": {
            "hashes": [
                "sha256:440d5dd3af93b060174bf433bccd69b0babc3b15b1a8dca43789fd7f61514b36",
                "sha256:b75ddc264f0ba5615db7ba217daeb99701ad295353c45f9e95963337ceeeffb2"
            ],
            "markers": "python_version >= '3.7'",
            "version": "==4.7.1"
        },
        "uvicorn": {
            "hashes": [
                "sha256:17f898c64c71a2640514d4089da2689e5db1ce5d4086c2d53699bf99513421c1",
                "sha256:d9a3c0dd1ca86728d3e235182683b4cf94cd53a867c288eaeca80ee781b2caff"
            ],
            "index": "pypi",
            "version": "==0.15.0"
        }
    },
    "develop": {
        "bandit": {
            "hashes": [
                "sha256:216be4d044209fa06cf2a3e51b319769a51be8318140659719aa7a115c35ed07",
                "sha256:8a4c7415254d75df8ff3c3b15cfe9042ecee628a1e40b44c15a98890fbfc2608"
            ],
            "index": "pypi",
            "version": "==1.7.0"
        },
        "black": {
            "hashes": [
                "sha256:2a0f9a8c2b2a60dbcf1ccb058842fb22bdbbcb2f32c6cc02d9578f90b92ce8b7",
                "sha256:570608d28aa3af1792b98c4a337dbac6367877b47b12b88ab42095cfc1a627c2"
            ],
            "index": "pypi",
            "version": "==21.8b0"
        },
        "click": {
            "hashes": [
                "sha256:ae74fb96c20a0277a1d615f1e4d73c8414f5a98db8b799a7931d1582f3390c28",
                "sha256:ca9853ad459e787e2192211578cc907e7594e294c7ccc834310722b41b9ca6de"
            ],
            "markers": "python_version >= '3.7'",
            "version": "==8.1.7"
        },
        "gitdb": {
            "hashes": [
                "sha256:6eb990b69df4e15bad899ea868dc46572c3f75339735663b81de79b06f17eb9a",
                "sha256:c286cf298426064079ed96a9e4a9d39e7f3e9bf15ba60701e95f5492f28415c7"
            ],
            "markers": "python_version >= '3.7'",
            "version": "==4.0.10"
        },
        "gitpython": {
            "hashes": [
                "sha256:5d3802b98a3bae1c2b8ae0e1ff2e4aa16bcdf02c145da34d092324f599f01395",
                "sha256:85f7d365d1f6bf677ae51039c1ef67ca59091c7ebd5a3509aa399d4eda02d6dd"
            ],
            "index": "pypi",
            "version": "==3.1.34"
        },
        "mccabe": {
            "hashes": [
                "sha256:348e0240c33b60bbdf4e523192ef919f28cb2c3d7d5c7794f74009290f236325",
                "sha256:6c2d30ab6be0e4a46919781807b4f0d834ebdd6c6e3dca0bda5a15f863427b6e"
            ],
            "markers": "python_version >= '3.6'",
            "version": "==0.7.0"
        },
        "mypy-extensions": {
            "hashes": [
                "sha256:4392f6c0eb8a5668a69e23d168ffa70f0be9ccfd32b5cc2d26a34ae5b844552d",
                "sha256:75dbf8955dc00442a438fc4d0666508a9a97b6bd41aa2f0ffe9d2f2725af0782"
            ],
            "markers": "python_version >= '3.5'",
            "version": "==1.0.0"
        },
        "pathspec": {
            "hashes": [
                "sha256:1d6ed233af05e679efb96b1851550ea95bbb64b7c490b0f5aa52996c11e92a20",
                "sha256:e0d8d0ac2f12da61956eb2306b69f9469b42f4deb0f3cb6ed47b9cce9996ced3"
            ],
            "markers": "python_version >= '3.7'",
            "version": "==0.11.2"
        },
        "pbr": {
            "hashes": [
                "sha256:567f09558bae2b3ab53cb3c1e2e33e726ff3338e7bae3db5dc954b3a44eef12b",
                "sha256:aefc51675b0b533d56bb5fd1c8c6c0522fe31896679882e1c4c63d5e4a0fccb3"
            ],
            "markers": "python_version >= '2.6'",
            "version": "==5.11.1"
        },
        "platformdirs": {
            "hashes": [
                "sha256:b45696dab2d7cc691a3226759c0d3b00c47c8b6e293d96f6436f733303f77f6d",
                "sha256:d7c24979f292f916dc9cbf8648319032f551ea8c49a4c9bf2fb556a02070ec1d"
            ],
            "markers": "python_version >= '3.7'",
            "version": "==3.10.0"
        },
        "pycodestyle": {
            "hashes": [
                "sha256:259bcc17857d8a8b3b4a2327324b79e5f020a13c16074670f9c8c8f872ea76d0",
                "sha256:5d1013ba8dc7895b548be5afb05740ca82454fd899971563d2ef625d090326f8"
            ],
            "markers": "python_version >= '3.8'",
            "version": "==2.11.0"
        },
        "pydocstyle": {
            "hashes": [
                "sha256:118762d452a49d6b05e194ef344a55822987a462831ade91ec5c06fd2169d019",
                "sha256:7ce43f0c0ac87b07494eb9c0b462c0b73e6ff276807f204d6b53edc72b7e44e1"
            ],
            "markers": "python_version >= '3.6'",
            "version": "==6.3.0"
        },
        "pyflakes": {
            "hashes": [
                "sha256:4132f6d49cb4dae6819e5379898f2b8cce3c5f23994194c24b77d5da2e36f774",
                "sha256:a0aae034c444db0071aa077972ba4768d40c830d9539fd45bf4cd3f8f6992efc"
            ],
            "markers": "python_version >= '3.8'",
            "version": "==3.1.0"
        },
        "pylama": {
            "hashes": [
                "sha256:9bae53ef9c1a431371d6a8dca406816a60d547147b60a4934721898f553b7d8f",
                "sha256:fd61c11872d6256b019ef1235be37b77c922ef37ac9797df6bd489996dddeb15"
            ],
            "index": "pypi",
            "version": "==7.7.1"
        },
        "pyyaml": {
            "hashes": [
                "sha256:04ac92ad1925b2cff1db0cfebffb6ffc43457495c9b3c39d3fcae417d7125dc5",
                "sha256:062582fca9fabdd2c8b54a3ef1c978d786e0f6b3a1510e0ac93ef59e0ddae2bc",
                "sha256:0d3304d8c0adc42be59c5f8a4d9e3d7379e6955ad754aa9d6ab7a398b59dd1df",
                "sha256:1635fd110e8d85d55237ab316b5b011de701ea0f29d07611174a1b42f1444741",
                "sha256:184c5108a2aca3c5b3d3bf9395d50893a7ab82a38004c8f61c258d4428e80206",
                "sha256:18aeb1bf9a78867dc38b259769503436b7c72f7a1f1f4c93ff9a17de54319b27",
                "sha256:1d4c7e777c441b20e32f52bd377e0c409713e8bb1386e1099c2415f26e479595",
                "sha256:1e2722cc9fbb45d9b87631ac70924c11d3a401b2d7f410cc0e3bbf249f2dca62",
                "sha256:1fe35611261b29bd1de0070f0b2f47cb6ff71fa6595c077e42bd0c419fa27b98",
                "sha256:28c119d996beec18c05208a8bd78cbe4007878c6dd15091efb73a30e90539696",
                "sha256:326c013efe8048858a6d312ddd31d56e468118ad4cdeda36c719bf5bb6192290",
                "sha256:40df9b996c2b73138957fe23a16a4f0ba614f4c0efce1e9406a184b6d07fa3a9",
                "sha256:42f8152b8dbc4fe7d96729ec2b99c7097d656dc1213a3229ca5383f973a5ed6d",
                "sha256:49a183be227561de579b4a36efbb21b3eab9651dd81b1858589f796549873dd6",
                "sha256:4fb147e7a67ef577a588a0e2c17b6db51dda102c71de36f8549b6816a96e1867",
                "sha256:50550eb667afee136e9a77d6dc71ae76a44df8b3e51e41b77f6de2932bfe0f47",
                "sha256:510c9deebc5c0225e8c96813043e62b680ba2f9c50a08d3724c7f28a747d1486",
                "sha256:5773183b6446b2c99bb77e77595dd486303b4faab2b086e7b17bc6bef28865f6",
                "sha256:596106435fa6ad000c2991a98fa58eeb8656ef2325d7e158344fb33864ed87e3",
                "sha256:6965a7bc3cf88e5a1c3bd2e0b5c22f8d677dc88a455344035f03399034eb3007",
                "sha256:69b023b2b4daa7548bcfbd4aa3da05b3a74b772db9e23b982788168117739938",
                "sha256:6c22bec3fbe2524cde73d7ada88f6566758a8f7227bfbf93a408a9d86bcc12a0",
                "sha256:704219a11b772aea0d8ecd7058d0082713c3562b4e271b849ad7dc4a5c90c13c",
                "sha256:7e07cbde391ba96ab58e532ff4803f79c4129397514e1413a7dc761ccd755735",
                "sha256:81e0b275a9ecc9c0c0c07b4b90ba548307583c125f54d5b6946cfee6360c733d",
                "sha256:855fb52b0dc35af121542a76b9a84f8d1cd886ea97c84703eaa6d88e37a2ad28",
                "sha256:8d4e9c88387b0f5c7d5f281e55304de64cf7f9c0021a3525bd3b1c542da3b0e4",
                "sha256:9046c58c4395dff28dd494285c82ba00b546adfc7ef001486fbf0324bc174fba",
                "sha256:9eb6caa9a297fc2c2fb8862bc5370d0303ddba53ba97e71f08023b6cd73d16a8",
                "sha256:a0cd17c15d3bb3fa06978b4e8958dcdc6e0174ccea823003a106c7d4d7899ac5",
                "sha256:afd7e57eddb1a54f0f1a974bc4391af8bcce0b444685d936840f125cf046d5bd",
                "sha256:b1275ad35a5d18c62a7220633c913e1b42d44b46ee12554e5fd39c70a243d6a3",
                "sha256:b786eecbdf8499b9ca1d697215862083bd6d2a99965554781d0d8d1ad31e13a0",
                "sha256:ba336e390cd8e4d1739f42dfe9bb83a3cc2e80f567d8805e11b46f4a943f5515",
                "sha256:baa90d3f661d43131ca170712d903e6295d1f7a0f595074f151c0aed377c9b9c",
                "sha256:bc1bf2925a1ecd43da378f4db9e4f799775d6367bdb94671027b73b393a7c42c",
                "sha256:bd4af7373a854424dabd882decdc5579653d7868b8fb26dc7d0e99f823aa5924",
                "sha256:bf07ee2fef7014951eeb99f56f39c9bb4af143d8aa3c21b1677805985307da34",
                "sha256:bfdf460b1736c775f2ba9f6a92bca30bc2095067b8a9d77876d1fad6cc3b4a43",
                "sha256:c8098ddcc2a85b61647b2590f825f3db38891662cfc2fc776415143f599bb859",
                "sha256:d2b04aac4d386b172d5b9692e2d2da8de7bfb6c387fa4f801fbf6fb2e6ba4673",
                "sha256:d483d2cdf104e7c9fa60c544d92981f12ad66a457afae824d146093b8c294c54",
                "sha256:d858aa552c999bc8a8d57426ed01e40bef403cd8ccdd0fc5f6f04a00414cac2a",
                "sha256:e7d73685e87afe9f3b36c799222440d6cf362062f78be1013661b00c5c6f678b",
                "sha256:f003ed9ad21d6a4713f0a9b5a7a0a79e08dd0f221aff4525a2be4c346ee60aab",
                "sha256:f22ac1c3cac4dbc50079e965eba2c1058622631e526bd9afd45fedd49ba781fa",
                "sha256:faca3bdcf85b2fc05d06ff3fbc1f83e1391b3e724afa3feba7d13eeab355484c",
                "sha256:fca0e3a251908a499833aa292323f32437106001d436eca0e6e7833256674585",
                "sha256:fd1592b3fdf65fff2ad0004b5e363300ef59ced41c2e6b3a99d4089fa8c5435d",
                "sha256:fd66fc5d0da6d9815ba2cebeb4205f95818ff4b79c3ebe268e75d961704af52f"
            ],
            "markers": "python_version >= '3.6'",
            "version": "==6.0.1"
        },
        "regex": {
            "hashes": [
                "sha256:0085da0f6c6393428bf0d9c08d8b1874d805bb55e17cb1dfa5ddb7cfb11140bf",
                "sha256:06c57e14ac723b04458df5956cfb7e2d9caa6e9d353c0b4c7d5d54fcb1325c46",
                "sha256:09b7f4c66aa9d1522b06e31a54f15581c37286237208df1345108fcf4e050c18",
                "sha256:0c59122ceccb905a941fb23b087b8eafc5290bf983ebcb14d2301febcbe199c7",
                "sha256:1005c60ed7037be0d9dea1f9c53cc42f836188227366370867222bda4c3c6bd7",
                "sha256:14898830f0a0eb67cae2bbbc787c1a7d6e34ecc06fbd39d3af5fe29a4468e2c9",
                "sha256:14dc6f2d88192a67d708341f3085df6a4f5a0c7b03dec08d763ca2cd86e9f559",
                "sha256:1e7d84d64c84ad97bf06f3c8cb5e48941f135ace28f450d86af6b6512f1c9a71",
                "sha256:2162ae2eb8b079622176a81b65d486ba50b888271302190870b8cc488587d280",
                "sha256:22283c769a7b01c8ac355d5be0715bf6929b6267619505e289f792b01304d898",
                "sha256:239c3c2a339d3b3ddd51c2daef10874410917cd2b998f043c13e2084cb191684",
                "sha256:293352710172239bf579c90a9864d0df57340b6fd21272345222fb6371bf82b3",
                "sha256:2ae54a338191e1356253e7883d9d19f8679b6143703086245fb14d1f20196be9",
                "sha256:2e73e5243af12d9cd6a9d6a45a43570dbe2e5b1cdfc862f5ae2b031e44dd95a8",
                "sha256:2e9216e0d2cdce7dbc9be48cb3eacb962740a09b011a116fd7af8c832ab116ca",
                "sha256:3026cbcf11d79095a32d9a13bbc572a458727bd5b1ca332df4a79faecd45281c",
                "sha256:3611576aff55918af2697410ff0293d6071b7e00f4b09e005d614686ac4cd57c",
                "sha256:3ae646c35cb9f820491760ac62c25b6d6b496757fda2d51be429e0e7b67ae0ab",
                "sha256:3b8e6ea6be6d64104d8e9afc34c151926f8182f84e7ac290a93925c0db004bfd",
                "sha256:3d370ff652323c5307d9c8e4c62efd1956fb08051b0e9210212bc51168b4ff56",
                "sha256:3f7454aa427b8ab9101f3787eb178057c5250478e39b99540cfc2b889c7d0586",
                "sha256:40f029d73b10fac448c73d6eb33d57b34607f40116e9f6e9f0d32e9229b147d7",
                "sha256:423adfa872b4908843ac3e7a30f957f5d5282944b81ca0a3b8a7ccbbfaa06103",
                "sha256:4873ef92e03a4309b3ccd8281454801b291b689f6ad45ef8c3658b6fa761d7ac",
                "sha256:48c640b99213643d141550326f34f0502fedb1798adb3c9eb79650b1ecb2f177",
                "sha256:4ae594c66f4a7e1ea67232a0846649a7c94c188d6c071ac0210c3e86a5f92109",
                "sha256:4b694430b3f00eb02c594ff5a16db30e054c1b9589a043fe9174584c6efa8033",
                "sha256:51d8ea2a3a1a8fe4f67de21b8b93757005213e8ac3917567872f2865185fa7fb",
                "sha256:54de2619f5ea58474f2ac211ceea6b615af2d7e4306220d4f3fe690c91988a61",
                "sha256:551ad543fa19e94943c5b2cebc54c73353ffff08228ee5f3376bd27b3d5b9800",
                "sha256:5543c055d8ec7801901e1193a51570643d6a6ab8751b1f7dd9af71af467538bb",
                "sha256:5cd9cd7170459b9223c5e592ac036e0704bee765706445c353d96f2890e816c8",
                "sha256:5ec4b3f0aebbbe2fc0134ee30a791af522a92ad9f164858805a77442d7d18570",
                "sha256:67ecd894e56a0c6108ec5ab1d8fa8418ec0cff45844a855966b875d1039a2e34",
                "sha256:6ab2ed84bf0137927846b37e882745a827458689eb969028af8032b1b3dac78e",
                "sha256:704f63b774218207b8ccc6c47fcef5340741e5d839d11d606f70af93ee78e4d4",
                "sha256:7098c524ba9f20717a56a8d551d2ed491ea89cbf37e540759ed3b776a4f8d6eb",
                "sha256:7aed90a72fc3654fba9bc4b7f851571dcc368120432ad68b226bd593f3f6c0b7",
                "sha256:7ce606c14bb195b0e5108544b540e2c5faed6843367e4ab3deb5c6aa5e681208",
                "sha256:7eb95fe8222932c10d4436e7a6f7c99991e3fdd9f36c949eff16a69246dee2dc",
                "sha256:80b80b889cb767cc47f31d2b2f3dec2db8126fbcd0cff31b3925b4dc6609dcdb",
                "sha256:82cd0a69cd28f6cc3789cc6adeb1027f79526b1ab50b1f6062bbc3a0ccb2dbc3",
                "sha256:83215147121e15d5f3a45d99abeed9cf1fe16869d5c233b08c56cdf75f43a504",
                "sha256:88900f521c645f784260a8d346e12a1590f79e96403971241e64c3a265c8ecdb",
                "sha256:91129ff1bb0619bc1f4ad19485718cc623a2dc433dff95baadbf89405c7f6b57",
                "sha256:920974009fb37b20d32afcdf0227a2e707eb83fe418713f7a8b7de038b870d0b",
                "sha256:9233ac249b354c54146e392e8a451e465dd2d967fc773690811d3a8c240ac601",
                "sha256:941460db8fe3bd613db52f05259c9336f5a47ccae7d7def44cc277184030a116",
                "sha256:942f8b1f3b223638b02df7df79140646c03938d488fbfb771824f3d05fc083a8",
                "sha256:964b16dcc10c79a4a2be9f1273fcc2684a9eedb3906439720598029a797b46e6",
                "sha256:9691a549c19c22d26a4f3b948071e93517bdf86e41b81d8c6ac8a964bb71e5a6",
                "sha256:96979d753b1dc3b2169003e1854dc67bfc86edf93c01e84757927f810b8c3c93",
                "sha256:987b9ac04d0b38ef4f89fbc035e84a7efad9cdd5f1e29024f9289182c8d99e09",
                "sha256:988631b9d78b546e284478c2ec15c8a85960e262e247b35ca5eaf7ee22f6050a",
                "sha256:9a96edd79661e93327cfeac4edec72a4046e14550a1d22aa0dd2e3ca52aec921",
                "sha256:9b7408511fca48a82a119d78a77c2f5eb1b22fe88b0d2450ed0756d194fe7a9a",
                "sha256:9dd6082f4e2aec9b6a0927202c85bc1b09dcab113f97265127c1dc20e2e32495",
                "sha256:a2ad5add903eb7cdde2b7c64aaca405f3957ab34f16594d2b78d53b8b1a6a7d6",
                "sha256:a8c65c17aed7e15a0c824cdc63a6b104dfc530f6fa8cb6ac51c437af52b481c7",
                "sha256:aadf28046e77a72f30dcc1ab185639e8de7f4104b8cb5c6dfa5d8ed860e57236",
                "sha256:b076da1ed19dc37788f6a934c60adf97bd02c7eea461b73730513921a85d4235",
                "sha256:b2aeab3895d778155054abea5238d0eb9a72e9242bd4b43f42fd911ef9a13470",
                "sha256:b82edc98d107cbc7357da7a5a695901b47d6eb0420e587256ba3ad24b80b7d0b",
                "sha256:b8a0ccc8f2698f120e9e5742f4b38dc944c38744d4bdfc427616f3a163dd9de5",
                "sha256:b993b6f524d1e274a5062488a43e3f9f8764ee9745ccd8e8193df743dbe5ee61",
                "sha256:bb34d1605f96a245fc39790a117ac1bac8de84ab7691637b26ab2c5efb8f228c",
                "sha256:bd3366aceedf274f765a3a4bc95d6cd97b130d1dda524d8f25225d14123c01db",
                "sha256:c12f6f67495ea05c3d542d119d270007090bad5b843f642d418eb601ec0fa7be",
                "sha256:c662a4cbdd6280ee56f841f14620787215a171c4e2d1744c9528bed8f5816c96",
                "sha256:c884d1a59e69e03b93cf0dfee8794c63d7de0ee8f7ffb76e5f75be8131b6400a",
                "sha256:ca339088839582d01654e6f83a637a4b8194d0960477b9769d2ff2cfa0fa36d2",
                "sha256:cd2b6c5dfe0929b6c23dde9624483380b170b6e34ed79054ad131b20203a1a63",
                "sha256:ce0f9fbe7d295f9922c0424a3637b88c6c472b75eafeaff6f910494a1fa719ef",
                "sha256:cf0633e4a1b667bfe0bb10b5e53fe0d5f34a6243ea2530eb342491f1adf4f739",
                "sha256:cf9273e96f3ee2ac89ffcb17627a78f78e7516b08f94dc435844ae72576a276e",
                "sha256:d909b5a3fff619dc7e48b6b1bedc2f30ec43033ba7af32f936c10839e81b9217",
                "sha256:d9b6627408021452dcd0d2cdf8da0534e19d93d070bfa8b6b4176f99711e7f90",
                "sha256:de35342190deb7b866ad6ba5cbcccb2d22c0487ee0cbb251efef0843d705f0d4",
                "sha256:e51c80c168074faa793685656c38eb7a06cbad7774c8cbc3ea05552d615393d8",
                "sha256:e6bd1e9b95bc5614a7a9c9c44fde9539cba1c823b43a9f7bc11266446dd568e3",
                "sha256:e7a9aaa5a1267125eef22cef3b63484c3241aaec6f48949b366d26c7250e0357",
                "sha256:e951d1a8e9963ea51efd7f150450803e3b95db5939f994ad3d5edac2b6f6e2b4",
                "sha256:e9941a4ada58f6218694f382e43fdd256e97615db9da135e77359da257a7168b",
                "sha256:f0640913d2c1044d97e30d7c41728195fc37e54d190c5385eacb52115127b882",
                "sha256:f0ccf3e01afeb412a1a9993049cb160d0352dba635bbca7762b2dc722aa5742a",
                "sha256:f2181c20ef18747d5f4a7ea513e09ea03bdd50884a11ce46066bb90fe4213675",
                "sha256:f2200e00b62568cfd920127782c61bc1c546062a879cdc741cfcc6976668dfcf",
                "sha256:fcbdc5f2b0f1cd0f6a56cdb46fe41d2cce1e644e3b68832f3eeebc5fb0f7712e"
            ],
            "markers": "python_version >= '3.6'",
            "version": "==2023.8.8"
        },
        "six": {
            "hashes": [
                "sha256:1e61c37477a1626458e36f7b1d82aa5c9b094fa4802892072e49de9c60c4c926",
                "sha256:8abb2f1d86890a2dfb989f9a77cfcfd3e47c2a354b01111771326f8aa26e0254"
            ],
            "markers": "python_version >= '2.7' and python_version not in '3.0, 3.1, 3.2, 3.3'",
            "version": "==1.16.0"
        },
        "smmap": {
            "hashes": [
                "sha256:2aba19d6a040e78d8b09de5c57e96207b09ed71d8e55ce0959eeee6c8e190d94",
                "sha256:c840e62059cd3be204b0c9c9f74be2c09d5648eddd4580d9314c3ecde0b30936"
            ],
            "markers": "python_version >= '3.6'",
            "version": "==5.0.0"
        },
        "snowballstemmer": {
            "hashes": [
                "sha256:09b16deb8547d3412ad7b590689584cd0fe25ec8db3be37788be3810cbf19cb1",
                "sha256:c8e1716e83cc398ae16824e5572ae04e0d9fc2c6b985fb0f900f5f0c96ecba1a"
            ],
            "version": "==2.2.0"
        },
        "stevedore": {
            "hashes": [
                "sha256:8cc040628f3cea5d7128f2e76cf486b2251a4e543c7b938f58d9a377f6694a2d",
                "sha256:a54534acf9b89bc7ed264807013b505bf07f74dbe4bcfa37d32bd063870b087c"
            ],
            "markers": "python_version >= '3.8'",
            "version": "==5.1.0"
        },
        "tomli": {
            "hashes": [
                "sha256:05b6166bff487dc068d322585c7ea4ef78deed501cc124060e0f238e89a9231f",
                "sha256:e3069e4be3ead9668e21cb9b074cd948f7b3113fd9c8bba083f48247aab8b11c"
            ],
            "markers": "python_version >= '3.6'",
            "version": "==1.2.3"
        },
        "typing-extensions": {
            "hashes": [
                "sha256:440d5dd3af93b060174bf433bccd69b0babc3b15b1a8dca43789fd7f61514b36",
                "sha256:b75ddc264f0ba5615db7ba217daeb99701ad295353c45f9e95963337ceeeffb2"
            ],
            "markers": "python_version >= '3.7'",
            "version": "==4.7.1"
        }
    }
}
